
Microsoft Visual Studio Solution File, Format Version 12.00
# Visual Studio Version 17
VisualStudioVersion = 17.5.002.0
MinimumVisualStudioVersion = 10.0.40219.1
Project("{9A19103F-16F7-4668-BE54-9A1E7A4F7556}") = "Certificado2", "Certificado2.csproj", "{E0BA3E3A-5ED7-4595-9DBA-78E58F10063E}"
EndProject
Global
	GlobalSection(SolutionConfigurationPlatforms) = preSolution
		Debug|Any CPU = Debug|Any CPU
		Release|Any CPU = Release|Any CPU
	EndGlobalSection
	GlobalSection(ProjectConfigurationPlatforms) = postSolution
		{E0BA3E3A-5ED7-4595-9DBA-78E58F10063E}.Debug|Any CPU.ActiveCfg = Debug|Any CPU
		{E0BA3E3A-5ED7-4595-9DBA-78E58F10063E}.Debug|Any CPU.Build.0 = Debug|Any CPU
		{E0BA3E3A-5ED7-4595-9DBA-78E58F10063E}.Release|Any CPU.ActiveCfg = Release|Any CPU
		{E0BA3E3A-5ED7-4595-9DBA-78E58F10063E}.Release|Any CPU.Build.0 = Release|Any CPU
	EndGlobalSection
	GlobalSection(SolutionProperties) = preSolution
		HideSolutionNode = FALSE
	EndGlobalSection
	GlobalSection(ExtensibilityGlobals) = postSolution
		SolutionGuid = {12D63B5F-2A20-4E4D-94A4-2DA7DD8E4A79}
	EndGlobalSection
EndGlobal
